
Microsoft Visual Studio Solution File, Format Version 12.00
# Visual Studio Version 16
VisualStudioVersion = 16.0.29911.84
MinimumVisualStudioVersion = 10.0.40219.1
Project("{FAE04EC0-301F-11D3-BF4B-00C04F79EFBC}") = "AuthenticationServiceExample", "AuthenticationServiceExample\AuthenticationServiceExample.csproj", "{ED1D6AD3-43E2-432C-BAC8-7B7E49B49BD4}"
EndProject
Global
	GlobalSection(SolutionConfigurationPlatforms) = preSolution
		Debug|Any CPU = Debug|Any CPU
		Release|Any CPU = Release|Any CPU
	EndGlobalSection
	GlobalSection(ProjectConfigurationPlatforms) = postSolution
		{ED1D6AD3-43E2-432C-BAC8-7B7E49B49BD4}.Debug|Any CPU.ActiveCfg = Debug|Any CPU
		{ED1D6AD3-43E2-432C-BAC8-7B7E49B49BD4}.Debug|Any CPU.Build.0 = Debug|Any CPU
		{ED1D6AD3-43E2-432C-BAC8-7B7E49B49BD4}.Release|Any CPU.ActiveCfg = Release|Any CPU
		{ED1D6AD3-43E2-432C-BAC8-7B7E49B49BD4}.Release|Any CPU.Build.0 = Release|Any CPU
	EndGlobalSection
	GlobalSection(SolutionProperties) = preSolution
		HideSolutionNode = FALSE
	EndGlobalSection
	GlobalSection(ExtensibilityGlobals) = postSolution
		SolutionGuid = {996D8FAA-6679-4187-87A6-E8197AB232C5}
	EndGlobalSection
EndGlobal
